
Microsoft Visual Studio Solution File, Format Version 12.00
# Visual Studio Version 17
VisualStudioVersion = 17.10.35013.160
MinimumVisualStudioVersion = 10.0.40219.1
Project("{FAE04EC0-301F-11D3-BF4B-00C04F79EFBC}") = "ugyfel", "ugyfel.csproj", "{F80393AF-E2D7-4778-9507-87F43BF67238}"
EndProject
Global
	GlobalSection(SolutionConfigurationPlatforms) = preSolution
		Debug|Any CPU = Debug|Any CPU
		Release|Any CPU = Release|Any CPU
	EndGlobalSection
	GlobalSection(ProjectConfigurationPlatforms) = postSolution
		{F80393AF-E2D7-4778-9507-87F43BF67238}.Debug|Any CPU.ActiveCfg = Debug|Any CPU
		{F80393AF-E2D7-4778-9507-87F43BF67238}.Debug|Any CPU.Build.0 = Debug|Any CPU
		{F80393AF-E2D7-4778-9507-87F43BF67238}.Release|Any CPU.ActiveCfg = Release|Any CPU
		{F80393AF-E2D7-4778-9507-87F43BF67238}.Release|Any CPU.Build.0 = Release|Any CPU
	EndGlobalSection
	GlobalSection(SolutionProperties) = preSolution
		HideSolutionNode = FALSE
	EndGlobalSection
	GlobalSection(ExtensibilityGlobals) = postSolution
		SolutionGuid = {619E6AC6-E2CE-4992-BA28-6FA10891963C}
	EndGlobalSection
EndGlobal
